
Microsoft Visual Studio Solution File, Format Version 12.00
Project("{FAE04EC0-301F-11D3-BF4B-00C04F79EFBC}") = "ConsoleApp1", "ConsoleApp1\ConsoleApp1.csproj", "{80F94E49-2B02-45A1-9933-168A765BF10A}"
EndProject
Global
	GlobalSection(SolutionConfigurationPlatforms) = preSolution
		Debug|Any CPU = Debug|Any CPU
		Release|Any CPU = Release|Any CPU
	EndGlobalSection
	GlobalSection(ProjectConfigurationPlatforms) = postSolution
		{80F94E49-2B02-45A1-9933-168A765BF10A}.Debug|Any CPU.ActiveCfg = Debug|Any CPU
		{80F94E49-2B02-45A1-9933-168A765BF10A}.Debug|Any CPU.Build.0 = Debug|Any CPU
		{80F94E49-2B02-45A1-9933-168A765BF10A}.Release|Any CPU.ActiveCfg = Release|Any CPU
		{80F94E49-2B02-45A1-9933-168A765BF10A}.Release|Any CPU.Build.0 = Release|Any CPU
	EndGlobalSection
EndGlobal
